
Microsoft Visual Studio Solution File, Format Version 12.00
# Visual Studio Version 16
VisualStudioVersion = 16.0.30114.105
MinimumVisualStudioVersion = 10.0.40219.1
Project("{FAE04EC0-301F-11D3-BF4B-00C04F79EFBC}") = "i13n", "i13n\i13n.csproj", "{F75A335C-ECA3-4DA0-BCA4-2A5DBE78323A}"
EndProject
Project("{FAE04EC0-301F-11D3-BF4B-00C04F79EFBC}") = "i13n.Test", "i13n.Test\i13n.Test.csproj", "{AD1FABFA-85F4-4C6F-93B5-A722748BC45B}"
	ProjectSection(ProjectDependencies) = postProject
		{F75A335C-ECA3-4DA0-BCA4-2A5DBE78323A} = {F75A335C-ECA3-4DA0-BCA4-2A5DBE78323A}
	EndProjectSection
EndProject
Global
	GlobalSection(SolutionConfigurationPlatforms) = preSolution
		Debug|Any CPU = Debug|Any CPU
		Release|Any CPU = Release|Any CPU
	EndGlobalSection
	GlobalSection(ProjectConfigurationPlatforms) = postSolution
		{F75A335C-ECA3-4DA0-BCA4-2A5DBE78323A}.Debug|Any CPU.ActiveCfg = Debug|Any CPU
		{F75A335C-ECA3-4DA0-BCA4-2A5DBE78323A}.Debug|Any CPU.Build.0 = Debug|Any CPU
		{F75A335C-ECA3-4DA0-BCA4-2A5DBE78323A}.Release|Any CPU.ActiveCfg = Release|Any CPU
		{F75A335C-ECA3-4DA0-BCA4-2A5DBE78323A}.Release|Any CPU.Build.0 = Release|Any CPU
		{AD1FABFA-85F4-4C6F-93B5-A722748BC45B}.Debug|Any CPU.ActiveCfg = Debug|Any CPU
		{AD1FABFA-85F4-4C6F-93B5-A722748BC45B}.Debug|Any CPU.Build.0 = Debug|Any CPU
		{AD1FABFA-85F4-4C6F-93B5-A722748BC45B}.Release|Any CPU.ActiveCfg = Release|Any CPU
		{AD1FABFA-85F4-4C6F-93B5-A722748BC45B}.Release|Any CPU.Build.0 = Release|Any CPU
	EndGlobalSection
	GlobalSection(SolutionProperties) = preSolution
		HideSolutionNode = FALSE
	EndGlobalSection
	GlobalSection(ExtensibilityGlobals) = postSolution
		SolutionGuid = {B6980A1F-B3D1-43D9-AE12-5383468A2A50}
	EndGlobalSection
EndGlobal
